// !$*UTF8*$!
{
	archiveVersion = 1;
	classes = {
	};
	objectVersion = 46;
	objects = {

/* Begin PBXBuildFile section */
		01CB064D1418344730CC9F39 /* libPods.a in Frameworks */ = {isa = PBXBuildFile; fileRef = 0F5E8F5C54185657FCF8DB06 /* libPods.a */; };
		BE18D1D11B2EA76C007032D6 /* main.m in Sources */ = {isa = PBXBuildFile; fileRef = BE18D1D01B2EA76C007032D6 /* main.m */; };
		BE18D1D41B2EA76C007032D6 /* AppDelegate.m in Sources */ = {isa = PBXBuildFile; fileRef = BE18D1D31B2EA76C007032D6 /* AppDelegate.m */; };
		BE18D1D71B2EA76C007032D6 /* ViewController.m in Sources */ = {isa = PBXBuildFile; fileRef = BE18D1D61B2EA76C007032D6 /* ViewController.m */; };
		BE18D1DA1B2EA76C007032D6 /* Main.storyboard in Resources */ = {isa = PBXBuildFile; fileRef = BE18D1D81B2EA76C007032D6 /* Main.storyboard */; };
		BE18D1DC1B2EA76C007032D6 /* Assets.xcassets in Resources */ = {isa = PBXBuildFile; fileRef = BE18D1DB1B2EA76C007032D6 /* Assets.xcassets */; };
		BE18D1DF1B2EA76C007032D6 /* LaunchScreen.storyboard in Resources */ = {isa = PBXBuildFile; fileRef = BE18D1DD1B2EA76C007032D6 /* LaunchScreen.storyboard */; };
		BE18D1EA1B2EA76C007032D6 /* WWDC2015_YiyanTests.m in Sources */ = {isa = PBXBuildFile; fileRef = BE18D1E91B2EA76C007032D6 /* WWDC2015_YiyanTests.m */; };
		BE18D1F51B2EA76C007032D6 /* WWDC2015_YiyanUITests.m in Sources */ = {isa = PBXBuildFile; fileRef = BE18D1F41B2EA76C007032D6 /* WWDC2015_YiyanUITests.m */; };
		BE5C53B81B2F18E4004EB6AA /* Interface.storyboard in Resources */ = {isa = PBXBuildFile; fileRef = BE5C53B61B2F18E4004EB6AA /* Interface.storyboard */; };
		BE5C53BA1B2F18E4004EB6AA /* Assets.xcassets in Resources */ = {isa = PBXBuildFile; fileRef = BE5C53B91B2F18E4004EB6AA /* Assets.xcassets */; };
		BE5C53C11B2F18E4004EB6AA /* Yue Extension.appex in Embed App Extensions */ = {isa = PBXBuildFile; fileRef = BE5C53C01B2F18E4004EB6AA /* Yue Extension.appex */; settings = {ATTRIBUTES = (RemoveHeadersOnCopy, ); }; };
		BE5C53C91B2F18E4004EB6AA /* InterfaceController.m in Sources */ = {isa = PBXBuildFile; fileRef = BE5C53C81B2F18E4004EB6AA /* InterfaceController.m */; };
		BE5C53CC1B2F18E4004EB6AA /* ExtensionDelegate.m in Sources */ = {isa = PBXBuildFile; fileRef = BE5C53CB1B2F18E4004EB6AA /* ExtensionDelegate.m */; };
		BE5C53CF1B2F18E4004EB6AA /* NotificationController.m in Sources */ = {isa = PBXBuildFile; fileRef = BE5C53CE1B2F18E4004EB6AA /* NotificationController.m */; };
		BE5C53D21B2F18E4004EB6AA /* GlanceController.m in Sources */ = {isa = PBXBuildFile; fileRef = BE5C53D11B2F18E4004EB6AA /* GlanceController.m */; };
		BE5C53D51B2F18E4004EB6AA /* ComplicationController.m in Sources */ = {isa = PBXBuildFile; fileRef = BE5C53D41B2F18E4004EB6AA /* ComplicationController.m */; };
		BE5C53D71B2F18E4004EB6AA /* Assets.xcassets in Resources */ = {isa = PBXBuildFile; fileRef = BE5C53D61B2F18E4004EB6AA /* Assets.xcassets */; };
		BE5C53DB1B2F18E4004EB6AA /* Yue.app in Embed Watch Content */ = {isa = PBXBuildFile; fileRef = BE5C53B41B2F18E4004EB6AA /* Yue.app */; };
/* End PBXBuildFile section */

/* Begin PBXContainerItemProxy section */
		BE18D1E61B2EA76C007032D6 /* PBXContainerItemProxy */ = {
			isa = PBXContainerItemProxy;
			containerPortal = BE18D1C41B2EA76B007032D6 /* Project object */;
			proxyType = 1;
			remoteGlobalIDString = BE18D1CB1B2EA76C007032D6;
			remoteInfo = WWDC2015_Yiyan;
		};
		BE18D1F11B2EA76C007032D6 /* PBXContainerItemProxy */ = {
			isa = PBXContainerItemProxy;
			containerPortal = BE18D1C41B2EA76B007032D6 /* Project object */;
			proxyType = 1;
			remoteGlobalIDString = BE18D1CB1B2EA76C007032D6;
			remoteInfo = WWDC2015_Yiyan;
		};
		BE5C53C21B2F18E4004EB6AA /* PBXContainerItemProxy */ = {
			isa = PBXContainerItemProxy;
			containerPortal = BE18D1C41B2EA76B007032D6 /* Project object */;
			proxyType = 1;
			remoteGlobalIDString = BE5C53BF1B2F18E4004EB6AA;
			remoteInfo = "Yue Extension";
		};
		BE5C53D91B2F18E4004EB6AA /* PBXContainerItemProxy */ = {
			isa = PBXContainerItemProxy;
			containerPortal = BE18D1C41B2EA76B007032D6 /* Project object */;
			proxyType = 1;
			remoteGlobalIDString = BE5C53B31B2F18E4004EB6AA;
			remoteInfo = Yue;
		};
/* End PBXContainerItemProxy section */

/* Begin PBXCopyFilesBuildPhase section */
		BE18D22C1B2EA785007032D6 /* Embed App Extensions */ = {
			isa = PBXCopyFilesBuildPhase;
			buildActionMask = 2147483647;
			dstPath = "";
			dstSubfolderSpec = 13;
			files = (
			);
			name = "Embed App Extensions";
			runOnlyForDeploymentPostprocessing = 0;
		};
		BE5C53DF1B2F18E4004EB6AA /* Embed App Extensions */ = {
			isa = PBXCopyFilesBuildPhase;
			buildActionMask = 2147483647;
			dstPath = "";
			dstSubfolderSpec = 13;
			files = (
				BE5C53C11B2F18E4004EB6AA /* Yue Extension.appex in Embed App Extensions */,
			);
			name = "Embed App Extensions";
			runOnlyForDeploymentPostprocessing = 0;
		};
		BE5C53E31B2F18E4004EB6AA /* Embed Watch Content */ = {
			isa = PBXCopyFilesBuildPhase;
			buildActionMask = 2147483647;
			dstPath = "$(CONTENTS_FOLDER_PATH)/Watch";
			dstSubfolderSpec = 16;
			files = (
				BE5C53DB1B2F18E4004EB6AA /* Yue.app in Embed Watch Content */,
			);
			name = "Embed Watch Content";
			runOnlyForDeploymentPostprocessing = 0;
		};
/* End PBXCopyFilesBuildPhase section */

/* Begin PBXFileReference section */
		0F5E8F5C54185657FCF8DB06 /* libPods.a */ = {isa = PBXFileReference; explicitFileType = archive.ar; includeInIndex = 0; path = libPods.a; sourceTree = BUILT_PRODUCTS_DIR; };
		3C578C0AFA769CD6D9BB6AC8 /* Pods.debug.xcconfig */ = {isa = PBXFileReference; includeInIndex = 1; lastKnownFileType = text.xcconfig; name = Pods.debug.xcconfig; path = "Pods/Target Support Files/Pods/Pods.debug.xcconfig"; sourceTree = "<group>"; };
		3E602D30F68E859CD4B4C493 /* Pods.release.xcconfig */ = {isa = PBXFileReference; includeInIndex = 1; lastKnownFileType = text.xcconfig; name = Pods.release.xcconfig; path = "Pods/Target Support Files/Pods/Pods.release.xcconfig"; sourceTree = "<group>"; };
		BE18D1CC1B2EA76C007032D6 /* WWDC2015_Yiyan.app */ = {isa = PBXFileReference; explicitFileType = wrapper.application; includeInIndex = 0; path = WWDC2015_Yiyan.app; sourceTree = BUILT_PRODUCTS_DIR; };
		BE18D1D01B2EA76C007032D6 /* main.m */ = {isa = PBXFileReference; lastKnownFileType = sourcecode.c.objc; path = main.m; sourceTree = "<group>"; };
		BE18D1D21B2EA76C007032D6 /* AppDelegate.h */ = {isa = PBXFileReference; lastKnownFileType = sourcecode.c.h; path = AppDelegate.h; sourceTree = "<group>"; };
		BE18D1D31B2EA76C007032D6 /* AppDelegate.m */ = {isa = PBXFileReference; lastKnownFileType = sourcecode.c.objc; path = AppDelegate.m; sourceTree = "<group>"; };
		BE18D1D51B2EA76C007032D6 /* ViewController.h */ = {isa = PBXFileReference; lastKnownFileType = sourcecode.c.h; path = ViewController.h; sourceTree = "<group>"; };
		BE18D1D61B2EA76C007032D6 /* ViewController.m */ = {isa = PBXFileReference; lastKnownFileType = sourcecode.c.objc; path = ViewController.m; sourceTree = "<group>"; };
		BE18D1D91B2EA76C007032D6 /* Base */ = {isa = PBXFileReference; lastKnownFileType = file.storyboard; name = Base; path = Base.lproj/Main.storyboard; sourceTree = "<group>"; };
		BE18D1DB1B2EA76C007032D6 /* Assets.xcassets */ = {isa = PBXFileReference; lastKnownFileType = folder.assetcatalog; path = Assets.xcassets; sourceTree = "<group>"; };
		BE18D1DE1B2EA76C007032D6 /* Base */ = {isa = PBXFileReference; lastKnownFileType = file.storyboard; name = Base; path = Base.lproj/LaunchScreen.storyboard; sourceTree = "<group>"; };
		BE18D1E01B2EA76C007032D6 /* Info.plist */ = {isa = PBXFileReference; lastKnownFileType = text.plist.xml; path = Info.plist; sourceTree = "<group>"; };
		BE18D1E51B2EA76C007032D6 /* WWDC2015_YiyanTests.xctest */ = {isa = PBXFileReference; explicitFileType = wrapper.cfbundle; includeInIndex = 0; path = WWDC2015_YiyanTests.xctest; sourceTree = BUILT_PRODUCTS_DIR; };
		BE18D1E91B2EA76C007032D6 /* WWDC2015_YiyanTests.m */ = {isa = PBXFileReference; lastKnownFileType = sourcecode.c.objc; path = WWDC2015_YiyanTests.m; sourceTree = "<group>"; };
		BE18D1EB1B2EA76C007032D6 /* Info.plist */ = {isa = PBXFileReference; lastKnownFileType = text.plist.xml; path = Info.plist; sourceTree = "<group>"; };
		BE18D1F01B2EA76C007032D6 /* WWDC2015_YiyanUITests.xctest */ = {isa = PBXFileReference; explicitFileType = wrapper.cfbundle; includeInIndex = 0; path = WWDC2015_YiyanUITests.xctest; sourceTree = BUILT_PRODUCTS_DIR; };
		BE18D1F41B2EA76C007032D6 /* WWDC2015_YiyanUITests.m */ = {isa = PBXFileReference; lastKnownFileType = sourcecode.c.objc; path = WWDC2015_YiyanUITests.m; sourceTree = "<group>"; };
		BE18D1F61B2EA76C007032D6 /* Info.plist */ = {isa = PBXFileReference; lastKnownFileType = text.plist.xml; path = Info.plist; sourceTree = "<group>"; };
		BE5C53B41B2F18E4004EB6AA /* Yue.app */ = {isa = PBXFileReference; explicitFileType = wrapper.application; includeInIndex = 0; path = Yue.app; sourceTree = BUILT_PRODUCTS_DIR; };
		BE5C53B71B2F18E4004EB6AA /* Base */ = {isa = PBXFileReference; lastKnownFileType = file.storyboard; name = Base; path = Base.lproj/Interface.storyboard; sourceTree = "<group>"; };
		BE5C53B91B2F18E4004EB6AA /* Assets.xcassets */ = {isa = PBXFileReference; lastKnownFileType = folder.assetcatalog; path = Assets.xcassets; sourceTree = "<group>"; };
		BE5C53BB1B2F18E4004EB6AA /* Info.plist */ = {isa = PBXFileReference; lastKnownFileType = text.plist.xml; path = Info.plist; sourceTree = "<group>"; };
		BE5C53C01B2F18E4004EB6AA /* Yue Extension.appex */ = {isa = PBXFileReference; explicitFileType = "wrapper.app-extension"; includeInIndex = 0; path = "Yue Extension.appex"; sourceTree = BUILT_PRODUCTS_DIR; };
		BE5C53C61B2F18E4004EB6AA /* PushNotificationPayload.apns */ = {isa = PBXFileReference; lastKnownFileType = text; path = PushNotificationPayload.apns; sourceTree = "<group>"; };
		BE5C53C71B2F18E4004EB6AA /* InterfaceController.h */ = {isa = PBXFileReference; lastKnownFileType = sourcecode.c.h; path = InterfaceController.h; sourceTree = "<group>"; };
		BE5C53C81B2F18E4004EB6AA /* InterfaceController.m */ = {isa = PBXFileReference; lastKnownFileType = sourcecode.c.objc; path = InterfaceController.m; sourceTree = "<group>"; };
		BE5C53CA1B2F18E4004EB6AA /* ExtensionDelegate.h */ = {isa = PBXFileReference; lastKnownFileType = sourcecode.c.h; path = ExtensionDelegate.h; sourceTree = "<group>"; };
		BE5C53CB1B2F18E4004EB6AA /* ExtensionDelegate.m */ = {isa = PBXFileReference; lastKnownFileType = sourcecode.c.objc; path = ExtensionDelegate.m; sourceTree = "<group>"; };
		BE5C53CD1B2F18E4004EB6AA /* NotificationController.h */ = {isa = PBXFileReference; lastKnownFileType = sourcecode.c.h; path = NotificationController.h; sourceTree = "<group>"; };
		BE5C53CE1B2F18E4004EB6AA /* NotificationController.m */ = {isa = PBXFileReference; lastKnownFileType = sourcecode.c.objc; path = NotificationController.m; sourceTree = "<group>"; };
		BE5C53D01B2F18E4004EB6AA /* GlanceController.h */ = {isa = PBXFileReference; lastKnownFileType = sourcecode.c.h; path = GlanceController.h; sourceTree = "<group>"; };
		BE5C53D11B2F18E4004EB6AA /* GlanceController.m */ = {isa = PBXFileReference; lastKnownFileType = sourcecode.c.objc; path = GlanceController.m; sourceTree = "<group>"; };
		BE5C53D31B2F18E4004EB6AA /* ComplicationController.h */ = {isa = PBXFileReference; lastKnownFileType = sourcecode.c.h; path = ComplicationController.h; sourceTree = "<group>"; };
		BE5C53D41B2F18E4004EB6AA /* ComplicationController.m */ = {isa = PBXFileReference; lastKnownFileType = sourcecode.c.objc; path = ComplicationController.m; sourceTree = "<group>"; };
		BE5C53D61B2F18E4004EB6AA /* Assets.xcassets */ = {isa = PBXFileReference; lastKnownFileType = folder.assetcatalog; path = Assets.xcassets; sourceTree = "<group>"; };
		BE5C53D81B2F18E4004EB6AA /* Info.plist */ = {isa = PBXFileReference; lastKnownFileType = text.plist.xml; path = Info.plist; sourceTree = "<group>"; };
/* End PBXFileReference section */

/* Begin PBXFrameworksBuildPhase section */
		BE18D1C91B2EA76C007032D6 /* Frameworks */ = {
			isa = PBXFrameworksBuildPhase;
			buildActionMask = 2147483647;
			files = (
				01CB064D1418344730CC9F39 /* libPods.a in Frameworks */,
			);
			runOnlyForDeploymentPostprocessing = 0;
		};
		BE18D1E21B2EA76C007032D6 /* Frameworks */ = {
			isa = PBXFrameworksBuildPhase;
			buildActionMask = 2147483647;
			files = (
			);
			runOnlyForDeploymentPostprocessing = 0;
		};
		BE18D1ED1B2EA76C007032D6 /* Frameworks */ = {
			isa = PBXFrameworksBuildPhase;
			buildActionMask = 2147483647;
			files = (
			);
			runOnlyForDeploymentPostprocessing = 0;
		};
		BE5C53BD1B2F18E4004EB6AA /* Frameworks */ = {
			isa = PBXFrameworksBuildPhase;
			buildActionMask = 2147483647;
			files = (
			);
			runOnlyForDeploymentPostprocessing = 0;
		};
/* End PBXFrameworksBuildPhase section */

/* Begin PBXGroup section */
		3A05AA9B794C671160B34B5F /* Pods */ = {
			isa = PBXGroup;
			children = (
				3C578C0AFA769CD6D9BB6AC8 /* Pods.debug.xcconfig */,
				3E602D30F68E859CD4B4C493 /* Pods.release.xcconfig */,
			);
			name = Pods;
			sourceTree = "<group>";
		};
		909DA727F62CF4B19D24D8C5 /* Frameworks */ = {
			isa = PBXGroup;
			children = (
				0F5E8F5C54185657FCF8DB06 /* libPods.a */,
			);
			name = Frameworks;
			sourceTree = "<group>";
		};
		BE18D1C31B2EA76B007032D6 = {
			isa = PBXGroup;
			children = (
				BE18D1CE1B2EA76C007032D6 /* WWDC2015_Yiyan */,
				BE18D1E81B2EA76C007032D6 /* WWDC2015_YiyanTests */,
				BE18D1F31B2EA76C007032D6 /* WWDC2015_YiyanUITests */,
				BE5C53B51B2F18E4004EB6AA /* Yue */,
				BE5C53C41B2F18E4004EB6AA /* Yue Extension */,
				BE18D1CD1B2EA76C007032D6 /* Products */,
				3A05AA9B794C671160B34B5F /* Pods */,
				909DA727F62CF4B19D24D8C5 /* Frameworks */,
			);
			sourceTree = "<group>";
		};
		BE18D1CD1B2EA76C007032D6 /* Products */ = {
			isa = PBXGroup;
			children = (
				BE18D1CC1B2EA76C007032D6 /* WWDC2015_Yiyan.app */,
				BE18D1E51B2EA76C007032D6 /* WWDC2015_YiyanTests.xctest */,
				BE18D1F01B2EA76C007032D6 /* WWDC2015_YiyanUITests.xctest */,
				BE5C53B41B2F18E4004EB6AA /* Yue.app */,
				BE5C53C01B2F18E4004EB6AA /* Yue Extension.appex */,
			);
			name = Products;
			sourceTree = "<group>";
		};
		BE18D1CE1B2EA76C007032D6 /* WWDC2015_Yiyan */ = {
			isa = PBXGroup;
			children = (
				BE18D1D21B2EA76C007032D6 /* AppDelegate.h */,
				BE18D1D31B2EA76C007032D6 /* AppDelegate.m */,
				BE18D1D51B2EA76C007032D6 /* ViewController.h */,
				BE18D1D61B2EA76C007032D6 /* ViewController.m */,
				BE18D1D81B2EA76C007032D6 /* Main.storyboard */,
				BE18D1DB1B2EA76C007032D6 /* Assets.xcassets */,
				BE18D1DD1B2EA76C007032D6 /* LaunchScreen.storyboard */,
				BE18D1E01B2EA76C007032D6 /* Info.plist */,
				BE18D1CF1B2EA76C007032D6 /* Supporting Files */,
			);
			path = WWDC2015_Yiyan;
			sourceTree = "<group>";
		};
		BE18D1CF1B2EA76C007032D6 /* Supporting Files */ = {
			isa = PBXGroup;
			children = (
				BE18D1D01B2EA76C007032D6 /* main.m */,
			);
			name = "Supporting Files";
			sourceTree = "<group>";
		};
		BE18D1E81B2EA76C007032D6 /* WWDC2015_YiyanTests */ = {
			isa = PBXGroup;
			children = (
				BE18D1E91B2EA76C007032D6 /* WWDC2015_YiyanTests.m */,
				BE18D1EB1B2EA76C007032D6 /* Info.plist */,
			);
			path = WWDC2015_YiyanTests;
			sourceTree = "<group>";
		};
		BE18D1F31B2EA76C007032D6 /* WWDC2015_YiyanUITests */ = {
			isa = PBXGroup;
			children = (
				BE18D1F41B2EA76C007032D6 /* WWDC2015_YiyanUITests.m */,
				BE18D1F61B2EA76C007032D6 /* Info.plist */,
			);
			path = WWDC2015_YiyanUITests;
			sourceTree = "<group>";
		};
		BE5C53B51B2F18E4004EB6AA /* Yue */ = {
			isa = PBXGroup;
			children = (
				BE5C53B61B2F18E4004EB6AA /* Interface.storyboard */,
				BE5C53B91B2F18E4004EB6AA /* Assets.xcassets */,
				BE5C53BB1B2F18E4004EB6AA /* Info.plist */,
			);
			path = Yue;
			sourceTree = "<group>";
		};
		BE5C53C41B2F18E4004EB6AA /* Yue Extension */ = {
			isa = PBXGroup;
			children = (
				BE5C53C71B2F18E4004EB6AA /* InterfaceController.h */,
				BE5C53C81B2F18E4004EB6AA /* InterfaceController.m */,
				BE5C53CA1B2F18E4004EB6AA /* ExtensionDelegate.h */,
				BE5C53CB1B2F18E4004EB6AA /* ExtensionDelegate.m */,
				BE5C53CD1B2F18E4004EB6AA /* NotificationController.h */,
				BE5C53CE1B2F18E4004EB6AA /* NotificationController.m */,
				BE5C53D01B2F18E4004EB6AA /* GlanceController.h */,
				BE5C53D11B2F18E4004EB6AA /* GlanceController.m */,
				BE5C53D31B2F18E4004EB6AA /* ComplicationController.h */,
				BE5C53D41B2F18E4004EB6AA /* ComplicationController.m */,
				BE5C53D61B2F18E4004EB6AA /* Assets.xcassets */,
				BE5C53D81B2F18E4004EB6AA /* Info.plist */,
				BE5C53C51B2F18E4004EB6AA /* Supporting Files */,
			);
			path = "Yue Extension";
			sourceTree = "<group>";
		};
		BE5C53C51B2F18E4004EB6AA /* Supporting Files */ = {
			isa = PBXGroup;
			children = (
				BE5C53C61B2F18E4004EB6AA /* PushNotificationPayload.apns */,
			);
			name = "Supporting Files";
			sourceTree = "<group>";
		};
/* End PBXGroup section */

/* Begin PBXNativeTarget section */
		BE18D1CB1B2EA76C007032D6 /* WWDC2015_Yiyan */ = {
			isa = PBXNativeTarget;
			buildConfigurationList = BE18D1F91B2EA76C007032D6 /* Build configuration list for PBXNativeTarget "WWDC2015_Yiyan" */;
			buildPhases = (
				18E58E8DC9CA704956E0365E /* Check Pods Manifest.lock */,
				BE18D1C81B2EA76C007032D6 /* Sources */,
				BE18D1C91B2EA76C007032D6 /* Frameworks */,
				BE18D1CA1B2EA76C007032D6 /* Resources */,
				BE18D22C1B2EA785007032D6 /* Embed App Extensions */,
				C8539D48EAE4F979F3A40AB9 /* Copy Pods Resources */,
				BE5C53E31B2F18E4004EB6AA /* Embed Watch Content */,
			);
			buildRules = (
			);
			dependencies = (
				BE5C53DA1B2F18E4004EB6AA /* PBXTargetDependency */,
			);
			name = WWDC2015_Yiyan;
			productName = WWDC2015_Yiyan;
			productReference = BE18D1CC1B2EA76C007032D6 /* WWDC2015_Yiyan.app */;
			productType = "com.apple.product-type.application";
		};
		BE18D1E41B2EA76C007032D6 /* WWDC2015_YiyanTests */ = {
			isa = PBXNativeTarget;
			buildConfigurationList = BE18D1FC1B2EA76C007032D6 /* Build configuration list for PBXNativeTarget "WWDC2015_YiyanTests" */;
			buildPhases = (
				BE18D1E11B2EA76C007032D6 /* Sources */,
				BE18D1E21B2EA76C007032D6 /* Frameworks */,
				BE18D1E31B2EA76C007032D6 /* Resources */,
			);
			buildRules = (
			);
			dependencies = (
				BE18D1E71B2EA76C007032D6 /* PBXTargetDependency */,
			);
			name = WWDC2015_YiyanTests;
			productName = WWDC2015_YiyanTests;
			productReference = BE18D1E51B2EA76C007032D6 /* WWDC2015_YiyanTests.xctest */;
			productType = "com.apple.product-type.bundle.unit-test";
		};
		BE18D1EF1B2EA76C007032D6 /* WWDC2015_YiyanUITests */ = {
			isa = PBXNativeTarget;
			buildConfigurationList = BE18D1FF1B2EA76C007032D6 /* Build configuration list for PBXNativeTarget "WWDC2015_YiyanUITests" */;
			buildPhases = (
				BE18D1EC1B2EA76C007032D6 /* Sources */,
				BE18D1ED1B2EA76C007032D6 /* Frameworks */,
				BE18D1EE1B2EA76C007032D6 /* Resources */,
			);
			buildRules = (
			);
			dependencies = (
				BE18D1F21B2EA76C007032D6 /* PBXTargetDependency */,
			);
			name = WWDC2015_YiyanUITests;
			productName = WWDC2015_YiyanUITests;
			productReference = BE18D1F01B2EA76C007032D6 /* WWDC2015_YiyanUITests.xctest */;
			productType = "com.apple.product-type.bundle.ui-testing";
		};
		BE5C53B31B2F18E4004EB6AA /* Yue */ = {
			isa = PBXNativeTarget;
			buildConfigurationList = BE5C53E01B2F18E4004EB6AA /* Build configuration list for PBXNativeTarget "Yue" */;
			buildPhases = (
				BE5C53B21B2F18E4004EB6AA /* Resources */,
				BE5C53DF1B2F18E4004EB6AA /* Embed App Extensions */,
			);
			buildRules = (
			);
			dependencies = (
				BE5C53C31B2F18E4004EB6AA /* PBXTargetDependency */,
			);
			name = Yue;
			productName = Yue;
			productReference = BE5C53B41B2F18E4004EB6AA /* Yue.app */;
			productType = "com.apple.product-type.application.watchapp2";
		};
		BE5C53BF1B2F18E4004EB6AA /* Yue Extension */ = {
			isa = PBXNativeTarget;
			buildConfigurationList = BE5C53DC1B2F18E4004EB6AA /* Build configuration list for PBXNativeTarget "Yue Extension" */;
			buildPhases = (
				BE5C53BC1B2F18E4004EB6AA /* Sources */,
				BE5C53BD1B2F18E4004EB6AA /* Frameworks */,
				BE5C53BE1B2F18E4004EB6AA /* Resources */,
			);
			buildRules = (
			);
			dependencies = (
			);
			name = "Yue Extension";
			productName = "Yue Extension";
			productReference = BE5C53C01B2F18E4004EB6AA /* Yue Extension.appex */;
			productType = "com.apple.product-type.watchkit2-extension";
		};
/* End PBXNativeTarget section */

/* Begin PBXProject section */
		BE18D1C41B2EA76B007032D6 /* Project object */ = {
			isa = PBXProject;
			attributes = {
				LastUpgradeCheck = 0700;
				ORGANIZATIONNAME = "taobao inc";
				TargetAttributes = {
					BE18D1CB1B2EA76C007032D6 = {
						CreatedOnToolsVersion = 7.0;
					};
					BE18D1E41B2EA76C007032D6 = {
						CreatedOnToolsVersion = 7.0;
						TestTargetID = BE18D1CB1B2EA76C007032D6;
					};
					BE18D1EF1B2EA76C007032D6 = {
						CreatedOnToolsVersion = 7.0;
						TestTargetID = BE18D1CB1B2EA76C007032D6;
					};
					BE5C53B31B2F18E4004EB6AA = {
						CreatedOnToolsVersion = 7.0;
					};
					BE5C53BF1B2F18E4004EB6AA = {
						CreatedOnToolsVersion = 7.0;
					};
				};
			};
			buildConfigurationList = BE18D1C71B2EA76B007032D6 /* Build configuration list for PBXProject "WWDC2015_Yiyan" */;
			compatibilityVersion = "Xcode 3.2";
			developmentRegion = English;
			hasScannedForEncodings = 0;
			knownRegions = (
				en,
				Base,
			);
			mainGroup = BE18D1C31B2EA76B007032D6;
			productRefGroup = BE18D1CD1B2EA76C007032D6 /* Products */;
			projectDirPath = "";
			projectRoot = "";
			targets = (
				BE18D1CB1B2EA76C007032D6 /* WWDC2015_Yiyan */,
				BE18D1E41B2EA76C007032D6 /* WWDC2015_YiyanTests */,
				BE18D1EF1B2EA76C007032D6 /* WWDC2015_YiyanUITests */,
				BE5C53B31B2F18E4004EB6AA /* Yue */,
				BE5C53BF1B2F18E4004EB6AA /* Yue Extension */,
			);
		};
/* End PBXProject section */

/* Begin PBXResourcesBuildPhase section */
		BE18D1CA1B2EA76C007032D6 /* Resources */ = {
			isa = PBXResourcesBuildPhase;
			buildActionMask = 2147483647;
			files = (
				BE18D1DF1B2EA76C007032D6 /* LaunchScreen.storyboard in Resources */,
				BE18D1DC1B2EA76C007032D6 /* Assets.xcassets in Resources */,
				BE18D1DA1B2EA76C007032D6 /* Main.storyboard in Resources */,
			);
			runOnlyForDeploymentPostprocessing = 0;
		};
		BE18D1E31B2EA76C007032D6 /* Resources */ = {
			isa = PBXResourcesBuildPhase;
			buildActionMask = 2147483647;
			files = (
			);
			runOnlyForDeploymentPostprocessing = 0;
		};
		BE18D1EE1B2EA76C007032D6 /* Resources */ = {
			isa = PBXResourcesBuildPhase;
			buildActionMask = 2147483647;
			files = (
			);
			runOnlyForDeploymentPostprocessing = 0;
		};
		BE5C53B21B2F18E4004EB6AA /* Resources */ = {
			isa = PBXResourcesBuildPhase;
			buildActionMask = 2147483647;
			files = (
				BE5C53BA1B2F18E4004EB6AA /* Assets.xcassets in Resources */,
				BE5C53B81B2F18E4004EB6AA /* Interface.storyboard in Resources */,
			);
			runOnlyForDeploymentPostprocessing = 0;
		};
		BE5C53BE1B2F18E4004EB6AA /* Resources */ = {
			isa = PBXResourcesBuildPhase;
			buildActionMask = 2147483647;
			files = (
				BE5C53D71B2F18E4004EB6AA /* Assets.xcassets in Resources */,
			);
			runOnlyForDeploymentPostprocessing = 0;
		};
/* End PBXResourcesBuildPhase section */

/* Begin PBXShellScriptBuildPhase section */
		18E58E8DC9CA704956E0365E /* Check Pods Manifest.lock */ = {
			isa = PBXShellScriptBuildPhase;
			buildActionMask = 2147483647;
			files = (
			);
			inputPaths = (
			);
			name = "Check Pods Manifest.lock";
			outputPaths = (
			);
			runOnlyForDeploymentPostprocessing = 0;
			shellPath = /bin/sh;
			shellScript = "diff \"${PODS_ROOT}/../Podfile.lock\" \"${PODS_ROOT}/Manifest.lock\" > /dev/null\nif [[ $? != 0 ]] ; then\n    cat << EOM\nerror: The sandbox is not in sync with the Podfile.lock. Run 'pod install' or update your CocoaPods installation.\nEOM\n    exit 1\nfi\n";
			showEnvVarsInLog = 0;
		};
		C8539D48EAE4F979F3A40AB9 /* Copy Pods Resources */ = {
			isa = PBXShellScriptBuildPhase;
			buildActionMask = 2147483647;
			files = (
			);
			inputPaths = (
			);
			name = "Copy Pods Resources";
			outputPaths = (
			);
			runOnlyForDeploymentPostprocessing = 0;
			shellPath = /bin/sh;
			shellScript = "\"${SRCROOT}/Pods/Target Support Files/Pods/Pods-resources.sh\"\n";
			showEnvVarsInLog = 0;
		};
/* End PBXShellScriptBuildPhase section */

/* Begin PBXSourcesBuildPhase section */
		BE18D1C81B2EA76C007032D6 /* Sources */ = {
			isa = PBXSourcesBuildPhase;
			buildActionMask = 2147483647;
			files = (
				BE18D1D71B2EA76C007032D6 /* ViewController.m in Sources */,
				BE18D1D41B2EA76C007032D6 /* AppDelegate.m in Sources */,
				BE18D1D11B2EA76C007032D6 /* main.m in Sources */,
			);
			runOnlyForDeploymentPostprocessing = 0;
		};
		BE18D1E11B2EA76C007032D6 /* Sources */ = {
			isa = PBXSourcesBuildPhase;
			buildActionMask = 2147483647;
			files = (
				BE18D1EA1B2EA76C007032D6 /* WWDC2015_YiyanTests.m in Sources */,
			);
			runOnlyForDeploymentPostprocessing = 0;
		};
		BE18D1EC1B2EA76C007032D6 /* Sources */ = {
			isa = PBXSourcesBuildPhase;
			buildActionMask = 2147483647;
			files = (
				BE18D1F51B2EA76C007032D6 /* WWDC2015_YiyanUITests.m in Sources */,
			);
			runOnlyForDeploymentPostprocessing = 0;
		};
		BE5C53BC1B2F18E4004EB6AA /* Sources */ = {
			isa = PBXSourcesBuildPhase;
			buildActionMask = 2147483647;
			files = (
				BE5C53CC1B2F18E4004EB6AA /* ExtensionDelegate.m in Sources */,
				BE5C53C91B2F18E4004EB6AA /* InterfaceController.m in Sources */,
				BE5C53CF1B2F18E4004EB6AA /* NotificationController.m in Sources */,
				BE5C53D21B2F18E4004EB6AA /* GlanceController.m in Sources */,
				BE5C53D51B2F18E4004EB6AA /* ComplicationController.m in Sources */,
			);
			runOnlyForDeploymentPostprocessing = 0;
		};
/* End PBXSourcesBuildPhase section */

/* Begin PBXTargetDependency section */
		BE18D1E71B2EA76C007032D6 /* PBXTargetDependency */ = {
			isa = PBXTargetDependency;
			target = BE18D1CB1B2EA76C007032D6 /* WWDC2015_Yiyan */;
			targetProxy = BE18D1E61B2EA76C007032D6 /* PBXContainerItemProxy */;
		};
		BE18D1F21B2EA76C007032D6 /* PBXTargetDependency */ = {
			isa = PBXTargetDependency;
			target = BE18D1CB1B2EA76C007032D6 /* WWDC2015_Yiyan */;
			targetProxy = BE18D1F11B2EA76C007032D6 /* PBXContainerItemProxy */;
		};
		BE5C53C31B2F18E4004EB6AA /* PBXTargetDependency */ = {
			isa = PBXTargetDependency;
			target = BE5C53BF1B2F18E4004EB6AA /* Yue Extension */;
			targetProxy = BE5C53C21B2F18E4004EB6AA /* PBXContainerItemProxy */;
		};
		BE5C53DA1B2F18E4004EB6AA /* PBXTargetDependency */ = {
			isa = PBXTargetDependency;
			target = BE5C53B31B2F18E4004EB6AA /* Yue */;
			targetProxy = BE5C53D91B2F18E4004EB6AA /* PBXContainerItemProxy */;
		};
/* End PBXTargetDependency section */

/* Begin PBXVariantGroup section */
		BE18D1D81B2EA76C007032D6 /* Main.storyboard */ = {
			isa = PBXVariantGroup;
			children = (
				BE18D1D91B2EA76C007032D6 /* Base */,
			);
			name = Main.storyboard;
			sourceTree = "<group>";
		};
		BE18D1DD1B2EA76C007032D6 /* LaunchScreen.storyboard */ = {
			isa = PBXVariantGroup;
			children = (
				BE18D1DE1B2EA76C007032D6 /* Base */,
			);
			name = LaunchScreen.storyboard;
			sourceTree = "<group>";
		};
		BE5C53B61B2F18E4004EB6AA /* Interface.storyboard */ = {
			isa = PBXVariantGroup;
			children = (
				BE5C53B71B2F18E4004EB6AA /* Base */,
			);
			name = Interface.storyboard;
			sourceTree = "<group>";
		};
/* End PBXVariantGroup section */

/* Begin XCBuildConfiguration section */
		BE18D1F71B2EA76C007032D6 /* Debug */ = {
			isa = XCBuildConfiguration;
			buildSettings = {
				ALWAYS_SEARCH_USER_PATHS = NO;
				CLANG_CXX_LANGUAGE_STANDARD = "gnu++0x";
				CLANG_CXX_LIBRARY = "libc++";
				CLANG_ENABLE_MODULES = YES;
				CLANG_ENABLE_OBJC_ARC = YES;
				CLANG_WARN_BOOL_CONVERSION = YES;
				CLANG_WARN_CONSTANT_CONVERSION = YES;
				CLANG_WARN_DIRECT_OBJC_ISA_USAGE = YES_ERROR;
				CLANG_WARN_EMPTY_BODY = YES;
				CLANG_WARN_ENUM_CONVERSION = YES;
				CLANG_WARN_INT_CONVERSION = YES;
				CLANG_WARN_OBJC_ROOT_CLASS = YES_ERROR;
				CLANG_WARN_UNREACHABLE_CODE = YES;
				CLANG_WARN__DUPLICATE_METHOD_MATCH = YES;
				"CODE_SIGN_IDENTITY[sdk=iphoneos*]" = "iPhone Developer";
				COPY_PHASE_STRIP = NO;
				DEBUG_INFORMATION_FORMAT = dwarf;
				ENABLE_STRICT_OBJC_MSGSEND = YES;
				ENABLE_TESTABILITY = YES;
				GCC_C_LANGUAGE_STANDARD = gnu99;
				GCC_DYNAMIC_NO_PIC = NO;
				GCC_NO_COMMON_BLOCKS = YES;
				GCC_OPTIMIZATION_LEVEL = 0;
				GCC_PREPROCESSOR_DEFINITIONS = (
					"DEBUG=1",
					"$(inherited)",
				);
				GCC_WARN_64_TO_32_BIT_CONVERSION = YES;
				GCC_WARN_ABOUT_RETURN_TYPE = YES_ERROR;
				GCC_WARN_UNDECLARED_SELECTOR = YES;
				GCC_WARN_UNINITIALIZED_AUTOS = YES_AGGRESSIVE;
				GCC_WARN_UNUSED_FUNCTION = YES;
				GCC_WARN_UNUSED_VARIABLE = YES;
				IPHONEOS_DEPLOYMENT_TARGET = 9.0;
				MTL_ENABLE_DEBUG_INFO = YES;
				ONLY_ACTIVE_ARCH = YES;
				SDKROOT = iphoneos;
				TARGETED_DEVICE_FAMILY = "1,2";
			};
			name = Debug;
		};
		BE18D1F81B2EA76C007032D6 /* Release */ = {
			isa = XCBuildConfiguration;
			buildSettings = {
				ALWAYS_SEARCH_USER_PATHS = NO;
				CLANG_CXX_LANGUAGE_STANDARD = "gnu++0x";
				CLANG_CXX_LIBRARY = "libc++";
				CLANG_ENABLE_MODULES = YES;
				CLANG_ENABLE_OBJC_ARC = YES;
				CLANG_WARN_BOOL_CONVERSION = YES;
				CLANG_WARN_CONSTANT_CONVERSION = YES;
				CLANG_WARN_DIRECT_OBJC_ISA_USAGE = YES_ERROR;
				CLANG_WARN_EMPTY_BODY = YES;
				CLANG_WARN_ENUM_CONVERSION = YES;
				CLANG_WARN_INT_CONVERSION = YES;
				CLANG_WARN_OBJC_ROOT_CLASS = YES_ERROR;
				CLANG_WARN_UNREACHABLE_CODE = YES;
				CLANG_WARN__DUPLICATE_METHOD_MATCH = YES;
				"CODE_SIGN_IDENTITY[sdk=iphoneos*]" = "iPhone Developer";
				COPY_PHASE_STRIP = NO;
				DEBUG_INFORMATION_FORMAT = "dwarf-with-dsym";
				ENABLE_NS_ASSERTIONS = NO;
				ENABLE_STRICT_OBJC_MSGSEND = YES;
				GCC_C_LANGUAGE_STANDARD = gnu99;
				GCC_NO_COMMON_BLOCKS = YES;
				GCC_WARN_64_TO_32_BIT_CONVERSION = YES;
				GCC_WARN_ABOUT_RETURN_TYPE = YES_ERROR;
				GCC_WARN_UNDECLARED_SELECTOR = YES;
				GCC_WARN_UNINITIALIZED_AUTOS = YES_AGGRESSIVE;
				GCC_WARN_UNUSED_FUNCTION = YES;
				GCC_WARN_UNUSED_VARIABLE = YES;
				IPHONEOS_DEPLOYMENT_TARGET = 9.0;
				MTL_ENABLE_DEBUG_INFO = NO;
				SDKROOT = iphoneos;
				TARGETED_DEVICE_FAMILY = "1,2";
				VALIDATE_PRODUCT = YES;
			};
			name = Release;
		};
		BE18D1FA1B2EA76C007032D6 /* Debug */ = {
			isa = XCBuildConfiguration;
			baseConfigurationReference = 3C578C0AFA769CD6D9BB6AC8 /* Pods.debug.xcconfig */;
			buildSettings = {
				ASSETCATALOG_COMPILER_APPICON_NAME = AppIcon;
				INFOPLIST_FILE = WWDC2015_Yiyan/Info.plist;
				LD_RUNPATH_SEARCH_PATHS = "$(inherited) @executable_path/Frameworks";
				PRODUCT_BUNDLE_IDENTIFIER = "com.taobao.ju.WWDC2015-Yiyan";
				PRODUCT_NAME = "$(TARGET_NAME)";
			};
			name = Debug;
		};
		BE18D1FB1B2EA76C007032D6 /* Release */ = {
			isa = XCBuildConfiguration;
			baseConfigurationReference = 3E602D30F68E859CD4B4C493 /* Pods.release.xcconfig */;
			buildSettings = {
				ASSETCATALOG_COMPILER_APPICON_NAME = AppIcon;
				INFOPLIST_FILE = WWDC2015_Yiyan/Info.plist;
				LD_RUNPATH_SEARCH_PATHS = "$(inherited) @executable_path/Frameworks";
				PRODUCT_BUNDLE_IDENTIFIER = "com.taobao.ju.WWDC2015-Yiyan";
				PRODUCT_NAME = "$(TARGET_NAME)";
			};
			name = Release;
		};
		BE18D1FD1B2EA76C007032D6 /* Debug */ = {
			isa = XCBuildConfiguration;
			buildSettings = {
				BUNDLE_LOADER = "$(TEST_HOST)";
				INFOPLIST_FILE = WWDC2015_YiyanTests/Info.plist;
				LD_RUNPATH_SEARCH_PATHS = "$(inherited) @executable_path/Frameworks @loader_path/Frameworks";
				PRODUCT_BUNDLE_IDENTIFIER = "com.taobao.ju.WWDC2015-YiyanTests";
				PRODUCT_NAME = "$(TARGET_NAME)";
				TEST_HOST = "$(BUILT_PRODUCTS_DIR)/WWDC2015_Yiyan.app/WWDC2015_Yiyan";
			};
			name = Debug;
		};
		BE18D1FE1B2EA76C007032D6 /* Release */ = {
			isa = XCBuildConfiguration;
			buildSettings = {
				BUNDLE_LOADER = "$(TEST_HOST)";
				INFOPLIST_FILE = WWDC2015_YiyanTests/Info.plist;
				LD_RUNPATH_SEARCH_PATHS = "$(inherited) @executable_path/Frameworks @loader_path/Frameworks";
				PRODUCT_BUNDLE_IDENTIFIER = "com.taobao.ju.WWDC2015-YiyanTests";
				PRODUCT_NAME = "$(TARGET_NAME)";
				TEST_HOST = "$(BUILT_PRODUCTS_DIR)/WWDC2015_Yiyan.app/WWDC2015_Yiyan";
			};
			name = Release;
		};
		BE18D2001B2EA76C007032D6 /* Debug */ = {
			isa = XCBuildConfiguration;
			buildSettings = {
				INFOPLIST_FILE = WWDC2015_YiyanUITests/Info.plist;
				LD_RUNPATH_SEARCH_PATHS = "$(inherited) @executable_path/Frameworks @loader_path/Frameworks";
				PRODUCT_BUNDLE_IDENTIFIER = "com.taobao.ju.WWDC2015-YiyanUITests";
				PRODUCT_NAME = "$(TARGET_NAME)";
				TEST_TARGET_NAME = WWDC2015_Yiyan;
				USES_XCTRUNNER = YES;
			};
			name = Debug;
		};
		BE18D2011B2EA76C007032D6 /* Release */ = {
			isa = XCBuildConfiguration;
			buildSettings = {
				INFOPLIST_FILE = WWDC2015_YiyanUITests/Info.plist;
				LD_RUNPATH_SEARCH_PATHS = "$(inherited) @executable_path/Frameworks @loader_path/Frameworks";
				PRODUCT_BUNDLE_IDENTIFIER = "com.taobao.ju.WWDC2015-YiyanUITests";
				PRODUCT_NAME = "$(TARGET_NAME)";
				TEST_TARGET_NAME = WWDC2015_Yiyan;
				USES_XCTRUNNER = YES;
			};
			name = Release;
		};
		BE5C53DD1B2F18E4004EB6AA /* Debug */ = {
			isa = XCBuildConfiguration;
			buildSettings = {
				ASSETCATALOG_COMPILER_COMPLICATION_NAME = Complication;
				"CODE_SIGN_IDENTITY[sdk=watchos*]" = "iPhone Developer";
				INFOPLIST_FILE = "Yue Extension/Info.plist";
				LD_RUNPATH_SEARCH_PATHS = "$(inherited) @executable_path/Frameworks @executable_path/../../Frameworks";
				PRODUCT_BUNDLE_IDENTIFIER = "com.taobao.ju.WWDC2015-Yiyan.watchkitapp.watchkitextension";
				PRODUCT_NAME = "${TARGET_NAME}";
				SDKROOT = watchos;
				SKIP_INSTALL = YES;
				TARGETED_DEVICE_FAMILY = 4;
				WATCHOS_DEPLOYMENT_TARGET = 2.0;
			};
			name = Debug;
		};
		BE5C53DE1B2F18E4004EB6AA /* Release */ = {
			isa = XCBuildConfiguration;
			buildSettings = {
				ASSETCATALOG_COMPILER_COMPLICATION_NAME = Complication;
				"CODE_SIGN_IDENTITY[sdk=watchos*]" = "iPhone Developer";
				INFOPLIST_FILE = "Yue Extension/Info.plist";
				LD_RUNPATH_SEARCH_PATHS = "$(inherited) @executable_path/Frameworks @executable_path/../../Frameworks";
				PRODUCT_BUNDLE_IDENTIFIER = "com.taobao.ju.WWDC2015-Yiyan.watchkitapp.watchkitextension";
				PRODUCT_NAME = "${TARGET_NAME}";
				SDKROOT = watchos;
				SKIP_INSTALL = YES;
				TARGETED_DEVICE_FAMILY = 4;
				WATCHOS_DEPLOYMENT_TARGET = 2.0;
			};
			name = Release;
		};
		BE5C53E11B2F18E4004EB6AA /* Debug */ = {
			isa = XCBuildConfiguration;
			buildSettings = {
				ASSETCATALOG_COMPILER_APPICON_NAME = AppIcon;
				"CODE_SIGN_IDENTITY[sdk=watchos*]" = "iPhone Developer";
				IBSC_MODULE = Yue_Extension;
				INFOPLIST_FILE = Yue/Info.plist;
				PRODUCT_BUNDLE_IDENTIFIER = "com.taobao.ju.WWDC2015-Yiyan.watchkitapp";
				PRODUCT_NAME = "$(TARGET_NAME)";
				SDKROOT = watchos;
				SKIP_INSTALL = YES;
				TARGETED_DEVICE_FAMILY = 4;
				WATCHOS_DEPLOYMENT_TARGET = 2.0;
			};
			name = Debug;
		};
		BE5C53E21B2F18E4004EB6AA /* Release */ = {
			isa = XCBuildConfiguration;
			buildSettings = {
				ASSETCATALOG_COMPILER_APPICON_NAME = AppIcon;
				"CODE_SIGN_IDENTITY[sdk=watchos*]" = "iPhone Developer";
				IBSC_MODULE = Yue_Extension;
				INFOPLIST_FILE = Yue/Info.plist;
				PRODUCT_BUNDLE_IDENTIFIER = "com.taobao.ju.WWDC2015-Yiyan.watchkitapp";
				PRODUCT_NAME = "$(TARGET_NAME)";
				SDKROOT = watchos;
				SKIP_INSTALL = YES;
				TARGETED_DEVICE_FAMILY = 4;
				WATCHOS_DEPLOYMENT_TARGET = 2.0;
			};
			name = Release;
		};
/* End XCBuildConfiguration section */

/* Begin XCConfigurationList section */
		BE18D1C71B2EA76B007032D6 /* Build configuration list for PBXProject "WWDC2015_Yiyan" */ = {
			isa = XCConfigurationList;
			buildConfigurations = (
				BE18D1F71B2EA76C007032D6 /* Debug */,
				BE18D1F81B2EA76C007032D6 /* Release */,
			);
			defaultConfigurationIsVisible = 0;
			defaultConfigurationName = Release;
		};
		BE18D1F91B2EA76C007032D6 /* Build configuration list for PBXNativeTarget "WWDC2015_Yiyan" */ = {
			isa = XCConfigurationList;
			buildConfigurations = (
				BE18D1FA1B2EA76C007032D6 /* Debug */,
				BE18D1FB1B2EA76C007032D6 /* Release */,
			);
			defaultConfigurationIsVisible = 0;
			defaultConfigurationName = Release;
		};
		BE18D1FC1B2EA76C007032D6 /* Build configuration list for PBXNativeTarget "WWDC2015_YiyanTests" */ = {
			isa = XCConfigurationList;
			buildConfigurations = (
				BE18D1FD1B2EA76C007032D6 /* Debug */,
				BE18D1FE1B2EA76C007032D6 /* Release */,
			);
			defaultConfigurationIsVisible = 0;
			defaultConfigurationName = Release;
		};
		BE18D1FF1B2EA76C007032D6 /* Build configuration list for PBXNativeTarget "WWDC2015_YiyanUITests" */ = {
			isa = XCConfigurationList;
			buildConfigurations = (
				BE18D2001B2EA76C007032D6 /* Debug */,
				BE18D2011B2EA76C007032D6 /* Release */,
			);
			defaultConfigurationIsVisible = 0;
			defaultConfigurationName = Release;
		};
		BE5C53DC1B2F18E4004EB6AA /* Build configuration list for PBXNativeTarget "Yue Extension" */ = {
			isa = XCConfigurationList;
			buildConfigurations = (
				BE5C53DD1B2F18E4004EB6AA /* Debug */,
				BE5C53DE1B2F18E4004EB6AA /* Release */,
			);
			defaultConfigurationIsVisible = 0;
		};
		BE5C53E01B2F18E4004EB6AA /* Build configuration list for PBXNativeTarget "Yue" */ = {
			isa = XCConfigurationList;
			buildConfigurations = (
				BE5C53E11B2F18E4004EB6AA /* Debug */,
				BE5C53E21B2F18E4004EB6AA /* Release */,
			);
			defaultConfigurationIsVisible = 0;
		};
/* End XCConfigurationList section */
	};
	rootObject = BE18D1C41B2EA76B007032D6 /* Project object */;
}
